
Microsoft Visual Studio Solution File, Format Version 12.00
# Visual Studio 15
VisualStudioVersion = 15.0.28307.779
MinimumVisualStudioVersion = 10.0.40219.1
Project("{FAE04EC0-301F-11D3-BF4B-00C04F79EFBC}") = "Iamge", "Iamge\Iamge.csproj", "{8B6472DE-0E01-42B3-94AE-BDDFE0838CCF}"
EndProject
Global
	GlobalSection(SolutionConfigurationPlatforms) = preSolution
		Debug|Any CPU = Debug|Any CPU
		Release|Any CPU = Release|Any CPU
	EndGlobalSection
	GlobalSection(ProjectConfigurationPlatforms) = postSolution
		{8B6472DE-0E01-42B3-94AE-BDDFE0838CCF}.Debug|Any CPU.ActiveCfg = Debug|Any CPU
		{8B6472DE-0E01-42B3-94AE-BDDFE0838CCF}.Debug|Any CPU.Build.0 = Debug|Any CPU
		{8B6472DE-0E01-42B3-94AE-BDDFE0838CCF}.Release|Any CPU.ActiveCfg = Release|Any CPU
		{8B6472DE-0E01-42B3-94AE-BDDFE0838CCF}.Release|Any CPU.Build.0 = Release|Any CPU
	EndGlobalSection
	GlobalSection(SolutionProperties) = preSolution
		HideSolutionNode = FALSE
	EndGlobalSection
	GlobalSection(ExtensibilityGlobals) = postSolution
		SolutionGuid = {C9147223-A74A-41C5-9949-BDFBAB327EAA}
	EndGlobalSection
EndGlobal
